{
  "name": "GateDelay",
  "lockfileVersion": 3,
  "requires": true,
  "packages": {
    "": {
      "dependencies": {
        "@prb/math": "^4.1.2"
      }
    },
    "node_modules/@prb/math": {
      "version": "4.1.2",
      "resolved": "https://registry.npmjs.org/@prb/math/-/math-4.1.2.tgz",
      "integrity": "sha512-CBSg0SyOYfs4X+GD16klIYE39sqDs1skPmGP5SVKJPVfthmooAriaSkWC8NqBrkIi129XDnxm7f1cBXnu55FyQ==",
      "license": "MIT"
    }
  }
}
